
Microsoft Visual Studio Solution File, Format Version 12.00
# Visual Studio 15
VisualStudioVersion = 15.0.28307.329
MinimumVisualStudioVersion = 10.0.40219.1
Project("{FAE04EC0-301F-11D3-BF4B-00C04F79EFBC}") = "Pacman", "Pacman\Pacman.csproj", "{F9EECBB6-993A-41F8-921B-EDD892C2EF05}"
EndProject
Global
	GlobalSection(SolutionConfigurationPlatforms) = preSolution
		Debug|Any CPU = Debug|Any CPU
		Release|Any CPU = Release|Any CPU
	EndGlobalSection
	GlobalSection(ProjectConfigurationPlatforms) = postSolution
		{F9EECBB6-993A-41F8-921B-EDD892C2EF05}.Debug|Any CPU.ActiveCfg = Debug|Any CPU
		{F9EECBB6-993A-41F8-921B-EDD892C2EF05}.Debug|Any CPU.Build.0 = Debug|Any CPU
		{F9EECBB6-993A-41F8-921B-EDD892C2EF05}.Release|Any CPU.ActiveCfg = Release|Any CPU
		{F9EECBB6-993A-41F8-921B-EDD892C2EF05}.Release|Any CPU.Build.0 = Release|Any CPU
	EndGlobalSection
	GlobalSection(SolutionProperties) = preSolution
		HideSolutionNode = FALSE
	EndGlobalSection
	GlobalSection(ExtensibilityGlobals) = postSolution
		SolutionGuid = {3209FD25-CE27-403B-B9BA-8270592DA764}
	EndGlobalSection
EndGlobal
